
Microsoft Visual Studio Solution File, Format Version 12.00
# Visual Studio Version 16
VisualStudioVersion = 16.0.31009.304
MinimumVisualStudioVersion = 10.0.40219.1
Project("{9A19103F-16F7-4668-BE54-9A1E7A4F7556}") = "WebAPI.Web", "WebAPI\WebAPI.Web.csproj", "{29EB1AA3-B320-4F8F-968F-4540F05EFAA3}"
EndProject
Project("{9A19103F-16F7-4668-BE54-9A1E7A4F7556}") = "WebAPI.Web.Tests", "WebAPI.Tests\WebAPI.Web.Tests.csproj", "{4E5674F8-63BA-4CB7-8942-B0FD164A5228}"
EndProject
Project("{FAE04EC0-301F-11D3-BF4B-00C04F79EFBC}") = "WebAPI.Data.EF.MigrationScripts", "WebAPI.Data.EF.MigrationScripts\WebAPI.Data.EF.MigrationScripts.csproj", "{F24AAE04-E37B-4014-80EF-E51569BDA573}"
EndProject
Project("{FAE04EC0-301F-11D3-BF4B-00C04F79EFBC}") = "WebAPI.Repositories", "WebAPI.Repositories\WebAPI.Repositories.csproj", "{0FEAFF8E-840C-4912-AA69-20C79B6B0669}"
EndProject
Project("{FAE04EC0-301F-11D3-BF4B-00C04F79EFBC}") = "WebAPI.Repositories.SQLServer", "WebAPI.Repositories.SQLServer\WebAPI.Repositories.SQLServer.csproj", "{BABB3873-D69B-4ACD-9E72-5C4FDE7E3897}"
EndProject
Project("{FAE04EC0-301F-11D3-BF4B-00C04F79EFBC}") = "WebAPI.Models", "WebAPI.Models\WebAPI.Models.csproj", "{4909CB5E-C2F9-4EB7-98D5-EB77D37B6408}"
EndProject
Project("{FAE04EC0-301F-11D3-BF4B-00C04F79EFBC}") = "WebAPI.Data.EF.Models", "WebAPI.Data.EF.Models\WebAPI.Data.EF.Models.csproj", "{617CEABE-4059-482D-8722-B9446663EF2C}"
EndProject
Global
	GlobalSection(SolutionConfigurationPlatforms) = preSolution
		Debug|Any CPU = Debug|Any CPU
		Release|Any CPU = Release|Any CPU
	EndGlobalSection
	GlobalSection(ProjectConfigurationPlatforms) = postSolution
		{29EB1AA3-B320-4F8F-968F-4540F05EFAA3}.Debug|Any CPU.ActiveCfg = Debug|Any CPU
		{29EB1AA3-B320-4F8F-968F-4540F05EFAA3}.Debug|Any CPU.Build.0 = Debug|Any CPU
		{29EB1AA3-B320-4F8F-968F-4540F05EFAA3}.Release|Any CPU.ActiveCfg = Release|Any CPU
		{29EB1AA3-B320-4F8F-968F-4540F05EFAA3}.Release|Any CPU.Build.0 = Release|Any CPU
		{4E5674F8-63BA-4CB7-8942-B0FD164A5228}.Debug|Any CPU.ActiveCfg = Debug|Any CPU
		{4E5674F8-63BA-4CB7-8942-B0FD164A5228}.Debug|Any CPU.Build.0 = Debug|Any CPU
		{4E5674F8-63BA-4CB7-8942-B0FD164A5228}.Release|Any CPU.ActiveCfg = Release|Any CPU
		{4E5674F8-63BA-4CB7-8942-B0FD164A5228}.Release|Any CPU.Build.0 = Release|Any CPU
		{F24AAE04-E37B-4014-80EF-E51569BDA573}.Debug|Any CPU.ActiveCfg = Debug|Any CPU
		{F24AAE04-E37B-4014-80EF-E51569BDA573}.Debug|Any CPU.Build.0 = Debug|Any CPU
		{F24AAE04-E37B-4014-80EF-E51569BDA573}.Release|Any CPU.ActiveCfg = Release|Any CPU
		{F24AAE04-E37B-4014-80EF-E51569BDA573}.Release|Any CPU.Build.0 = Release|Any CPU
		{0FEAFF8E-840C-4912-AA69-20C79B6B0669}.Debug|Any CPU.ActiveCfg = Debug|Any CPU
		{0FEAFF8E-840C-4912-AA69-20C79B6B0669}.Debug|Any CPU.Build.0 = Debug|Any CPU
		{0FEAFF8E-840C-4912-AA69-20C79B6B0669}.Release|Any CPU.ActiveCfg = Release|Any CPU
		{0FEAFF8E-840C-4912-AA69-20C79B6B0669}.Release|Any CPU.Build.0 = Release|Any CPU
		{BABB3873-D69B-4ACD-9E72-5C4FDE7E3897}.Debug|Any CPU.ActiveCfg = Debug|Any CPU
		{BABB3873-D69B-4ACD-9E72-5C4FDE7E3897}.Debug|Any CPU.Build.0 = Debug|Any CPU
		{BABB3873-D69B-4ACD-9E72-5C4FDE7E3897}.Release|Any CPU.ActiveCfg = Release|Any CPU
		{BABB3873-D69B-4ACD-9E72-5C4FDE7E3897}.Release|Any CPU.Build.0 = Release|Any CPU
		{4909CB5E-C2F9-4EB7-98D5-EB77D37B6408}.Debug|Any CPU.ActiveCfg = Debug|Any CPU
		{4909CB5E-C2F9-4EB7-98D5-EB77D37B6408}.Debug|Any CPU.Build.0 = Debug|Any CPU
		{4909CB5E-C2F9-4EB7-98D5-EB77D37B6408}.Release|Any CPU.ActiveCfg = Release|Any CPU
		{4909CB5E-C2F9-4EB7-98D5-EB77D37B6408}.Release|Any CPU.Build.0 = Release|Any CPU
		{617CEABE-4059-482D-8722-B9446663EF2C}.Debug|Any CPU.ActiveCfg = Debug|Any CPU
		{617CEABE-4059-482D-8722-B9446663EF2C}.Debug|Any CPU.Build.0 = Debug|Any CPU
		{617CEABE-4059-482D-8722-B9446663EF2C}.Release|Any CPU.ActiveCfg = Release|Any CPU
		{617CEABE-4059-482D-8722-B9446663EF2C}.Release|Any CPU.Build.0 = Release|Any CPU
	EndGlobalSection
	GlobalSection(SolutionProperties) = preSolution
		HideSolutionNode = FALSE
	EndGlobalSection
	GlobalSection(ExtensibilityGlobals) = postSolution
		SolutionGuid = {A4BD25F5-9F39-4AD7-BB36-F4569D83AFDE}
	EndGlobalSection
EndGlobal
