
Microsoft Visual Studio Solution File, Format Version 12.00
# Visual Studio Version 16
VisualStudioVersion = 16.0.31009.304
MinimumVisualStudioVersion = 10.0.40219.1
Project("{FAE04EC0-301F-11D3-BF4B-00C04F79EFBC}") = "WebAPI", "WebAPI\WebAPI.csproj", "{29EB1AA3-B320-4F8F-968F-4540F05EFAA3}"
EndProject
Project("{FAE04EC0-301F-11D3-BF4B-00C04F79EFBC}") = "WebAPI.Tests", "WebAPI.Tests\WebAPI.Tests.csproj", "{4E5674F8-63BA-4CB7-8942-B0FD164A5228}"
EndProject
Global
	GlobalSection(SolutionConfigurationPlatforms) = preSolution
		Debug|Any CPU = Debug|Any CPU
		Release|Any CPU = Release|Any CPU
	EndGlobalSection
	GlobalSection(ProjectConfigurationPlatforms) = postSolution
		{29EB1AA3-B320-4F8F-968F-4540F05EFAA3}.Debug|Any CPU.ActiveCfg = Debug|Any CPU
		{29EB1AA3-B320-4F8F-968F-4540F05EFAA3}.Debug|Any CPU.Build.0 = Debug|Any CPU
		{29EB1AA3-B320-4F8F-968F-4540F05EFAA3}.Release|Any CPU.ActiveCfg = Release|Any CPU
		{29EB1AA3-B320-4F8F-968F-4540F05EFAA3}.Release|Any CPU.Build.0 = Release|Any CPU
		{4E5674F8-63BA-4CB7-8942-B0FD164A5228}.Debug|Any CPU.ActiveCfg = Debug|Any CPU
		{4E5674F8-63BA-4CB7-8942-B0FD164A5228}.Debug|Any CPU.Build.0 = Debug|Any CPU
		{4E5674F8-63BA-4CB7-8942-B0FD164A5228}.Release|Any CPU.ActiveCfg = Release|Any CPU
		{4E5674F8-63BA-4CB7-8942-B0FD164A5228}.Release|Any CPU.Build.0 = Release|Any CPU
	EndGlobalSection
	GlobalSection(SolutionProperties) = preSolution
		HideSolutionNode = FALSE
	EndGlobalSection
	GlobalSection(ExtensibilityGlobals) = postSolution
		SolutionGuid = {A4BD25F5-9F39-4AD7-BB36-F4569D83AFDE}
	EndGlobalSection
EndGlobal
